
Microsoft Visual Studio Solution File, Format Version 12.00
# Visual Studio 15
VisualStudioVersion = 15.0.27004.2010
MinimumVisualStudioVersion = 10.0.40219.1
Project("{F5034706-568F-408A-B7B3-4D38C6DB8A32}") = "ControlScripts", "ControlScripts\ControlScripts.pssproj", "{6CAFC0C6-A428-4D30-A9F9-700E829FEA51}"
	ProjectSection(ProjectDependencies) = postProject
		{31B70B13-C40C-4021-B67A-1E9276266DF0} = {31B70B13-C40C-4021-B67A-1E9276266DF0}
		{992D7932-3D88-4B40-AF68-6E6750B86A00} = {992D7932-3D88-4B40-AF68-6E6750B86A00}
		{C0623338-B1CD-4745-B066-E9644D762366} = {C0623338-B1CD-4745-B066-E9644D762366}
		{AC754246-557E-4E39-A12C-D630561E8756} = {AC754246-557E-4E39-A12C-D630561E8756}
		{F82CA564-1AAB-453F-946A-650FCFDDD8F5} = {F82CA564-1AAB-453F-946A-650FCFDDD8F5}
		{DC003377-3515-46FA-9931-D519C773A2A9} = {DC003377-3515-46FA-9931-D519C773A2A9}
		{D7799580-E1D3-4634-B07E-3CC4DCFBEB6A} = {D7799580-E1D3-4634-B07E-3CC4DCFBEB6A}
		{316E9C85-8DA8-4EA8-B380-19C2ED2F954F} = {316E9C85-8DA8-4EA8-B380-19C2ED2F954F}
		{DDD0B295-02C9-44A5-837E-D5A5B4C7DA4E} = {DDD0B295-02C9-44A5-837E-D5A5B4C7DA4E}
		{0ECDB898-0BF8-4FC2-8495-5A2EEF87002D} = {0ECDB898-0BF8-4FC2-8495-5A2EEF87002D}
		{79E1CD9C-7A09-4457-BA82-9D6BFC00370D} = {79E1CD9C-7A09-4457-BA82-9D6BFC00370D}
		{86877CB3-B12C-4666-B4F4-8E750CC8CE67} = {86877CB3-B12C-4666-B4F4-8E750CC8CE67}
		{37809DB4-5D69-431A-BFD0-FA4F7241D2CE} = {37809DB4-5D69-431A-BFD0-FA4F7241D2CE}
		{974E76CB-9A7B-43B5-9503-A865A690D6F1} = {974E76CB-9A7B-43B5-9503-A865A690D6F1}
		{194E20D0-04FE-4CE2-B8B1-3F2D83EA515F} = {194E20D0-04FE-4CE2-B8B1-3F2D83EA515F}
		{3A2259D1-B0B2-49F0-A288-4D9834ECC6D3} = {3A2259D1-B0B2-49F0-A288-4D9834ECC6D3}
	EndProjectSection
EndProject
Project("{FAE04EC0-301F-11D3-BF4B-00C04F79EFBC}") = "UI", "UI\UI.csproj", "{79E1CD9C-7A09-4457-BA82-9D6BFC00370D}"
EndProject
Project("{FAE04EC0-301F-11D3-BF4B-00C04F79EFBC}") = "BusinessRule", "BusinessRule\BusinessRule.csproj", "{DC003377-3515-46FA-9931-D519C773A2A9}"
EndProject
Project("{FAE04EC0-301F-11D3-BF4B-00C04F79EFBC}") = "SuperRun", "SuperRun\SuperRun.csproj", "{316E9C85-8DA8-4EA8-B380-19C2ED2F954F}"
EndProject
Project("{FAE04EC0-301F-11D3-BF4B-00C04F79EFBC}") = "WebViewPlus", "WebViewPlus\WebViewPlus\WebViewPlus.csproj", "{86877CB3-B12C-4666-B4F4-8E750CC8CE67}"
EndProject
Project("{FAE04EC0-301F-11D3-BF4B-00C04F79EFBC}") = "PowerShellDataProcessing", "PowerShellDataProcessing\PowerShellDataProcessing.csproj", "{0ECDB898-0BF8-4FC2-8495-5A2EEF87002D}"
EndProject
Project("{FAE04EC0-301F-11D3-BF4B-00C04F79EFBC}") = "Utility", "Utility\Utility.csproj", "{3A2259D1-B0B2-49F0-A288-4D9834ECC6D3}"
EndProject
Project("{FAE04EC0-301F-11D3-BF4B-00C04F79EFBC}") = "SuperRunOnline", "SuperRunOnline\SuperRunOnline.csproj", "{DDD0B295-02C9-44A5-837E-D5A5B4C7DA4E}"
EndProject
Project("{FAE04EC0-301F-11D3-BF4B-00C04F79EFBC}") = "QA.Core", "QA.Core\QA.Core.csproj", "{992D7932-3D88-4B40-AF68-6E6750B86A00}"
EndProject
Project("{FAE04EC0-301F-11D3-BF4B-00C04F79EFBC}") = "QA.Rule", "QA.Rule\QA.Rule.csproj", "{974E76CB-9A7B-43B5-9503-A865A690D6F1}"
EndProject
Project("{FAE04EC0-301F-11D3-BF4B-00C04F79EFBC}") = "QA.Model", "QA.Model\QA.Model.csproj", "{194E20D0-04FE-4CE2-B8B1-3F2D83EA515F}"
EndProject
Project("{FAE04EC0-301F-11D3-BF4B-00C04F79EFBC}") = "QA.Facade", "QA.Facade\QA.Facade.csproj", "{AC754246-557E-4E39-A12C-D630561E8756}"
EndProject
Project("{FAE04EC0-301F-11D3-BF4B-00C04F79EFBC}") = "QA.UI.RuleConfiguration", "QA.UI.RuleConfiguration\QA.UI.RuleConfiguration.csproj", "{37809DB4-5D69-431A-BFD0-FA4F7241D2CE}"
EndProject
Project("{FAE04EC0-301F-11D3-BF4B-00C04F79EFBC}") = "QA.PowerShell.Validation", "QA.PowerShell.Validation\QA.PowerShell.Validation.csproj", "{C0623338-B1CD-4745-B066-E9644D762366}"
EndProject
Project("{2150E333-8FDC-42A3-9474-1A3956D46DE8}") = "UnitTest", "UnitTest", "{82606934-6457-4084-8994-D42CCEDDF257}"
EndProject
Project("{FAE04EC0-301F-11D3-BF4B-00C04F79EFBC}") = "UnitTest-QA.Facade", "UnitTest\UnitTest-QA.Facade\UnitTest-QA.Facade.csproj", "{F82CA564-1AAB-453F-946A-650FCFDDD8F5}"
EndProject
Project("{FAE04EC0-301F-11D3-BF4B-00C04F79EFBC}") = "SuperRunConfig", "SuperRunConfig\SuperRunConfig.csproj", "{D7799580-E1D3-4634-B07E-3CC4DCFBEB6A}"
EndProject
Project("{FAE04EC0-301F-11D3-BF4B-00C04F79EFBC}") = "QA.Reducer", "QA.Reducer\QA.Reducer.csproj", "{31B70B13-C40C-4021-B67A-1E9276266DF0}"
EndProject
Project("{FAE04EC0-301F-11D3-BF4B-00C04F79EFBC}") = "QA.Mapper", "QA.Mapper\QA.Mapper.csproj", "{586A0AB3-7FB2-4B89-B36E-237714879CC2}"
EndProject
Project("{FAE04EC0-301F-11D3-BF4B-00C04F79EFBC}") = "UnitTest-Speech", "UnitTest\UnitTest-Speech\UnitTest-Speech.csproj", "{12ED0BD4-2D20-4D14-92E2-12CCFA6DCCDC}"
EndProject
Global
	GlobalSection(SolutionConfigurationPlatforms) = preSolution
		Debug|Any CPU = Debug|Any CPU
		Release|Any CPU = Release|Any CPU
	EndGlobalSection
	GlobalSection(ProjectConfigurationPlatforms) = postSolution
		{6CAFC0C6-A428-4D30-A9F9-700E829FEA51}.Debug|Any CPU.ActiveCfg = Debug|Any CPU
		{6CAFC0C6-A428-4D30-A9F9-700E829FEA51}.Debug|Any CPU.Build.0 = Debug|Any CPU
		{6CAFC0C6-A428-4D30-A9F9-700E829FEA51}.Release|Any CPU.ActiveCfg = Release|Any CPU
		{6CAFC0C6-A428-4D30-A9F9-700E829FEA51}.Release|Any CPU.Build.0 = Release|Any CPU
		{79E1CD9C-7A09-4457-BA82-9D6BFC00370D}.Debug|Any CPU.ActiveCfg = Debug|Any CPU
		{79E1CD9C-7A09-4457-BA82-9D6BFC00370D}.Debug|Any CPU.Build.0 = Debug|Any CPU
		{79E1CD9C-7A09-4457-BA82-9D6BFC00370D}.Release|Any CPU.ActiveCfg = Release|Any CPU
		{79E1CD9C-7A09-4457-BA82-9D6BFC00370D}.Release|Any CPU.Build.0 = Release|Any CPU
		{DC003377-3515-46FA-9931-D519C773A2A9}.Debug|Any CPU.ActiveCfg = Debug|Any CPU
		{DC003377-3515-46FA-9931-D519C773A2A9}.Debug|Any CPU.Build.0 = Debug|Any CPU
		{DC003377-3515-46FA-9931-D519C773A2A9}.Release|Any CPU.ActiveCfg = Release|Any CPU
		{DC003377-3515-46FA-9931-D519C773A2A9}.Release|Any CPU.Build.0 = Release|Any CPU
		{316E9C85-8DA8-4EA8-B380-19C2ED2F954F}.Debug|Any CPU.ActiveCfg = Debug|Any CPU
		{316E9C85-8DA8-4EA8-B380-19C2ED2F954F}.Debug|Any CPU.Build.0 = Debug|Any CPU
		{316E9C85-8DA8-4EA8-B380-19C2ED2F954F}.Release|Any CPU.ActiveCfg = Release|Any CPU
		{316E9C85-8DA8-4EA8-B380-19C2ED2F954F}.Release|Any CPU.Build.0 = Release|Any CPU
		{86877CB3-B12C-4666-B4F4-8E750CC8CE67}.Debug|Any CPU.ActiveCfg = Debug|Any CPU
		{86877CB3-B12C-4666-B4F4-8E750CC8CE67}.Debug|Any CPU.Build.0 = Debug|Any CPU
		{86877CB3-B12C-4666-B4F4-8E750CC8CE67}.Release|Any CPU.ActiveCfg = Release|Any CPU
		{86877CB3-B12C-4666-B4F4-8E750CC8CE67}.Release|Any CPU.Build.0 = Release|Any CPU
		{0ECDB898-0BF8-4FC2-8495-5A2EEF87002D}.Debug|Any CPU.ActiveCfg = Debug|Any CPU
		{0ECDB898-0BF8-4FC2-8495-5A2EEF87002D}.Debug|Any CPU.Build.0 = Debug|Any CPU
		{0ECDB898-0BF8-4FC2-8495-5A2EEF87002D}.Release|Any CPU.ActiveCfg = Release|Any CPU
		{0ECDB898-0BF8-4FC2-8495-5A2EEF87002D}.Release|Any CPU.Build.0 = Release|Any CPU
		{3A2259D1-B0B2-49F0-A288-4D9834ECC6D3}.Debug|Any CPU.ActiveCfg = Debug|Any CPU
		{3A2259D1-B0B2-49F0-A288-4D9834ECC6D3}.Debug|Any CPU.Build.0 = Debug|Any CPU
		{3A2259D1-B0B2-49F0-A288-4D9834ECC6D3}.Release|Any CPU.ActiveCfg = Release|Any CPU
		{3A2259D1-B0B2-49F0-A288-4D9834ECC6D3}.Release|Any CPU.Build.0 = Release|Any CPU
		{DDD0B295-02C9-44A5-837E-D5A5B4C7DA4E}.Debug|Any CPU.ActiveCfg = Debug|Any CPU
		{DDD0B295-02C9-44A5-837E-D5A5B4C7DA4E}.Debug|Any CPU.Build.0 = Debug|Any CPU
		{DDD0B295-02C9-44A5-837E-D5A5B4C7DA4E}.Release|Any CPU.ActiveCfg = Release|Any CPU
		{DDD0B295-02C9-44A5-837E-D5A5B4C7DA4E}.Release|Any CPU.Build.0 = Release|Any CPU
		{992D7932-3D88-4B40-AF68-6E6750B86A00}.Debug|Any CPU.ActiveCfg = Debug|Any CPU
		{992D7932-3D88-4B40-AF68-6E6750B86A00}.Debug|Any CPU.Build.0 = Debug|Any CPU
		{992D7932-3D88-4B40-AF68-6E6750B86A00}.Release|Any CPU.ActiveCfg = Release|Any CPU
		{992D7932-3D88-4B40-AF68-6E6750B86A00}.Release|Any CPU.Build.0 = Release|Any CPU
		{974E76CB-9A7B-43B5-9503-A865A690D6F1}.Debug|Any CPU.ActiveCfg = Debug|Any CPU
		{974E76CB-9A7B-43B5-9503-A865A690D6F1}.Debug|Any CPU.Build.0 = Debug|Any CPU
		{974E76CB-9A7B-43B5-9503-A865A690D6F1}.Release|Any CPU.ActiveCfg = Release|Any CPU
		{974E76CB-9A7B-43B5-9503-A865A690D6F1}.Release|Any CPU.Build.0 = Release|Any CPU
		{194E20D0-04FE-4CE2-B8B1-3F2D83EA515F}.Debug|Any CPU.ActiveCfg = Debug|Any CPU
		{194E20D0-04FE-4CE2-B8B1-3F2D83EA515F}.Debug|Any CPU.Build.0 = Debug|Any CPU
		{194E20D0-04FE-4CE2-B8B1-3F2D83EA515F}.Release|Any CPU.ActiveCfg = Release|Any CPU
		{194E20D0-04FE-4CE2-B8B1-3F2D83EA515F}.Release|Any CPU.Build.0 = Release|Any CPU
		{AC754246-557E-4E39-A12C-D630561E8756}.Debug|Any CPU.ActiveCfg = Debug|Any CPU
		{AC754246-557E-4E39-A12C-D630561E8756}.Debug|Any CPU.Build.0 = Debug|Any CPU
		{AC754246-557E-4E39-A12C-D630561E8756}.Release|Any CPU.ActiveCfg = Release|Any CPU
		{AC754246-557E-4E39-A12C-D630561E8756}.Release|Any CPU.Build.0 = Release|Any CPU
		{37809DB4-5D69-431A-BFD0-FA4F7241D2CE}.Debug|Any CPU.ActiveCfg = Debug|Any CPU
		{37809DB4-5D69-431A-BFD0-FA4F7241D2CE}.Debug|Any CPU.Build.0 = Debug|Any CPU
		{37809DB4-5D69-431A-BFD0-FA4F7241D2CE}.Release|Any CPU.ActiveCfg = Release|Any CPU
		{37809DB4-5D69-431A-BFD0-FA4F7241D2CE}.Release|Any CPU.Build.0 = Release|Any CPU
		{C0623338-B1CD-4745-B066-E9644D762366}.Debug|Any CPU.ActiveCfg = Debug|Any CPU
		{C0623338-B1CD-4745-B066-E9644D762366}.Debug|Any CPU.Build.0 = Debug|Any CPU
		{C0623338-B1CD-4745-B066-E9644D762366}.Release|Any CPU.ActiveCfg = Release|Any CPU
		{C0623338-B1CD-4745-B066-E9644D762366}.Release|Any CPU.Build.0 = Release|Any CPU
		{F82CA564-1AAB-453F-946A-650FCFDDD8F5}.Debug|Any CPU.ActiveCfg = Debug|Any CPU
		{F82CA564-1AAB-453F-946A-650FCFDDD8F5}.Debug|Any CPU.Build.0 = Debug|Any CPU
		{F82CA564-1AAB-453F-946A-650FCFDDD8F5}.Release|Any CPU.ActiveCfg = Release|Any CPU
		{F82CA564-1AAB-453F-946A-650FCFDDD8F5}.Release|Any CPU.Build.0 = Release|Any CPU
		{D7799580-E1D3-4634-B07E-3CC4DCFBEB6A}.Debug|Any CPU.ActiveCfg = Debug|Any CPU
		{D7799580-E1D3-4634-B07E-3CC4DCFBEB6A}.Debug|Any CPU.Build.0 = Debug|Any CPU
		{D7799580-E1D3-4634-B07E-3CC4DCFBEB6A}.Release|Any CPU.ActiveCfg = Release|Any CPU
		{D7799580-E1D3-4634-B07E-3CC4DCFBEB6A}.Release|Any CPU.Build.0 = Release|Any CPU
		{31B70B13-C40C-4021-B67A-1E9276266DF0}.Debug|Any CPU.ActiveCfg = Debug|Any CPU
		{31B70B13-C40C-4021-B67A-1E9276266DF0}.Debug|Any CPU.Build.0 = Debug|Any CPU
		{31B70B13-C40C-4021-B67A-1E9276266DF0}.Release|Any CPU.ActiveCfg = Release|Any CPU
		{31B70B13-C40C-4021-B67A-1E9276266DF0}.Release|Any CPU.Build.0 = Release|Any CPU
		{586A0AB3-7FB2-4B89-B36E-237714879CC2}.Debug|Any CPU.ActiveCfg = Debug|Any CPU
		{586A0AB3-7FB2-4B89-B36E-237714879CC2}.Debug|Any CPU.Build.0 = Debug|Any CPU
		{586A0AB3-7FB2-4B89-B36E-237714879CC2}.Release|Any CPU.ActiveCfg = Release|Any CPU
		{586A0AB3-7FB2-4B89-B36E-237714879CC2}.Release|Any CPU.Build.0 = Release|Any CPU
		{12ED0BD4-2D20-4D14-92E2-12CCFA6DCCDC}.Debug|Any CPU.ActiveCfg = Debug|Any CPU
		{12ED0BD4-2D20-4D14-92E2-12CCFA6DCCDC}.Debug|Any CPU.Build.0 = Debug|Any CPU
		{12ED0BD4-2D20-4D14-92E2-12CCFA6DCCDC}.Release|Any CPU.ActiveCfg = Release|Any CPU
		{12ED0BD4-2D20-4D14-92E2-12CCFA6DCCDC}.Release|Any CPU.Build.0 = Release|Any CPU
	EndGlobalSection
	GlobalSection(SolutionProperties) = preSolution
		HideSolutionNode = FALSE
	EndGlobalSection
	GlobalSection(NestedProjects) = preSolution
		{F82CA564-1AAB-453F-946A-650FCFDDD8F5} = {82606934-6457-4084-8994-D42CCEDDF257}
		{12ED0BD4-2D20-4D14-92E2-12CCFA6DCCDC} = {82606934-6457-4084-8994-D42CCEDDF257}
	EndGlobalSection
	GlobalSection(ExtensibilityGlobals) = postSolution
		SolutionGuid = {9AD49F34-6EDE-4011-9DE1-24662D34812F}
	EndGlobalSection
EndGlobal
