
Microsoft Visual Studio Solution File, Format Version 12.00
# Visual Studio 15
VisualStudioVersion = 15.0.27004.2010
MinimumVisualStudioVersion = 10.0.40219.1
Project("{F5034706-568F-408A-B7B3-4D38C6DB8A32}") = "ControlScript", "ControlScript\ControlScript.pssproj", "{6CAFC0C6-A428-4D30-A9F9-700E829FEA51}"
	ProjectSection(ProjectDependencies) = postProject
		{617C1E27-D790-4089-9CD2-AC0CBA775D40} = {617C1E27-D790-4089-9CD2-AC0CBA775D40}
		{556FF931-1CDB-4164-9767-00AE88EBF7C7} = {556FF931-1CDB-4164-9767-00AE88EBF7C7}
		{737B115A-CD54-4CDD-9E32-2029691D05B8} = {737B115A-CD54-4CDD-9E32-2029691D05B8}
		{C2C084B3-6CC5-4146-9C61-FD2CD9739043} = {C2C084B3-6CC5-4146-9C61-FD2CD9739043}
		{964D0DBB-CD55-47FD-8AD8-96FC4A80027A} = {964D0DBB-CD55-47FD-8AD8-96FC4A80027A}
	EndProjectSection
EndProject
Project("{FAE04EC0-301F-11D3-BF4B-00C04F79EFBC}") = "MARXpress", "MARXpress\MARXpress.csproj", "{556FF931-1CDB-4164-9767-00AE88EBF7C7}"
EndProject
Project("{FAE04EC0-301F-11D3-BF4B-00C04F79EFBC}") = "OA3ToolConfGen", "OA3ToolConfGen\OA3ToolConfGen\OA3ToolConfGen.csproj", "{737B115A-CD54-4CDD-9E32-2029691D05B8}"
EndProject
Project("{FAE04EC0-301F-11D3-BF4B-00C04F79EFBC}") = "OA3DPKIDSNManager", "OA3DPKIDSNManager\OA3DPKIDSNManager.csproj", "{617C1E27-D790-4089-9CD2-AC0CBA775D40}"
EndProject
Project("{FAE04EC0-301F-11D3-BF4B-00C04F79EFBC}") = "PowerShellOA3DPKSNBinder", "PowerShellOA3DPKSNBinder\PowerShellOA3DPKSNBinder.csproj", "{964D0DBB-CD55-47FD-8AD8-96FC4A80027A}"
EndProject
Project("{FAE04EC0-301F-11D3-BF4B-00C04F79EFBC}") = "Utility", "Utility\Utility.csproj", "{C2C084B3-6CC5-4146-9C61-FD2CD9739043}"
EndProject
Global
	GlobalSection(SolutionConfigurationPlatforms) = preSolution
		Debug|Any CPU = Debug|Any CPU
		Release|Any CPU = Release|Any CPU
	EndGlobalSection
	GlobalSection(ProjectConfigurationPlatforms) = postSolution
		{6CAFC0C6-A428-4D30-A9F9-700E829FEA51}.Debug|Any CPU.ActiveCfg = Debug|Any CPU
		{6CAFC0C6-A428-4D30-A9F9-700E829FEA51}.Debug|Any CPU.Build.0 = Debug|Any CPU
		{6CAFC0C6-A428-4D30-A9F9-700E829FEA51}.Release|Any CPU.ActiveCfg = Release|Any CPU
		{6CAFC0C6-A428-4D30-A9F9-700E829FEA51}.Release|Any CPU.Build.0 = Release|Any CPU
		{556FF931-1CDB-4164-9767-00AE88EBF7C7}.Debug|Any CPU.ActiveCfg = Debug|Any CPU
		{556FF931-1CDB-4164-9767-00AE88EBF7C7}.Debug|Any CPU.Build.0 = Debug|Any CPU
		{556FF931-1CDB-4164-9767-00AE88EBF7C7}.Release|Any CPU.ActiveCfg = Release|Any CPU
		{556FF931-1CDB-4164-9767-00AE88EBF7C7}.Release|Any CPU.Build.0 = Release|Any CPU
		{737B115A-CD54-4CDD-9E32-2029691D05B8}.Debug|Any CPU.ActiveCfg = Debug|Any CPU
		{737B115A-CD54-4CDD-9E32-2029691D05B8}.Debug|Any CPU.Build.0 = Debug|Any CPU
		{737B115A-CD54-4CDD-9E32-2029691D05B8}.Release|Any CPU.ActiveCfg = Release|Any CPU
		{737B115A-CD54-4CDD-9E32-2029691D05B8}.Release|Any CPU.Build.0 = Release|Any CPU
		{617C1E27-D790-4089-9CD2-AC0CBA775D40}.Debug|Any CPU.ActiveCfg = Debug|Any CPU
		{617C1E27-D790-4089-9CD2-AC0CBA775D40}.Debug|Any CPU.Build.0 = Debug|Any CPU
		{617C1E27-D790-4089-9CD2-AC0CBA775D40}.Release|Any CPU.ActiveCfg = Release|Any CPU
		{617C1E27-D790-4089-9CD2-AC0CBA775D40}.Release|Any CPU.Build.0 = Release|Any CPU
		{964D0DBB-CD55-47FD-8AD8-96FC4A80027A}.Debug|Any CPU.ActiveCfg = Debug|Any CPU
		{964D0DBB-CD55-47FD-8AD8-96FC4A80027A}.Debug|Any CPU.Build.0 = Debug|Any CPU
		{964D0DBB-CD55-47FD-8AD8-96FC4A80027A}.Release|Any CPU.ActiveCfg = Release|Any CPU
		{964D0DBB-CD55-47FD-8AD8-96FC4A80027A}.Release|Any CPU.Build.0 = Release|Any CPU
		{C2C084B3-6CC5-4146-9C61-FD2CD9739043}.Debug|Any CPU.ActiveCfg = Debug|Any CPU
		{C2C084B3-6CC5-4146-9C61-FD2CD9739043}.Debug|Any CPU.Build.0 = Debug|Any CPU
		{C2C084B3-6CC5-4146-9C61-FD2CD9739043}.Release|Any CPU.ActiveCfg = Release|Any CPU
		{C2C084B3-6CC5-4146-9C61-FD2CD9739043}.Release|Any CPU.Build.0 = Release|Any CPU
	EndGlobalSection
	GlobalSection(SolutionProperties) = preSolution
		HideSolutionNode = FALSE
	EndGlobalSection
	GlobalSection(ExtensibilityGlobals) = postSolution
		SolutionGuid = {032A2379-1077-49BB-9753-6DBB9F3313D3}
	EndGlobalSection
EndGlobal
