
Microsoft Visual Studio Solution File, Format Version 12.00
# Visual Studio 15
VisualStudioVersion = 15.0.27004.2010
MinimumVisualStudioVersion = 10.0.40219.1
Project("{9A19103F-16F7-4668-BE54-9A1E7A4F7556}") = "QA.Core", "QA.Core\QA.Core.csproj", "{E3412352-D584-42A3-9121-705F1DC3BB83}"
EndProject
Project("{9A19103F-16F7-4668-BE54-9A1E7A4F7556}") = "QA.Model", "QA.Model\QA.Model.csproj", "{313A823F-AFD1-4B42-968D-36B347388BEB}"
EndProject
Project("{9A19103F-16F7-4668-BE54-9A1E7A4F7556}") = "QA.Rule", "QA.Rule\QA.Rule.csproj", "{F9070D0F-5D0A-43FE-AA00-5BFA6B28545F}"
EndProject
Project("{9A19103F-16F7-4668-BE54-9A1E7A4F7556}") = "QA.Mapper", "QA.Mapper\QA.Mapper.csproj", "{2094EADE-BD3F-4588-BBF5-966A797B9A70}"
EndProject
Project("{9A19103F-16F7-4668-BE54-9A1E7A4F7556}") = "QA.Utility", "QA.Utility\QA.Utility.csproj", "{697FCF75-19D5-4968-8AA8-537089D8033F}"
EndProject
Project("{9A19103F-16F7-4668-BE54-9A1E7A4F7556}") = "QA.Reducer", "QA.Reducer\QA.Reducer.csproj", "{D93801D3-94D9-4E1B-B280-A8E19B4A35F6}"
EndProject
Project("{9A19103F-16F7-4668-BE54-9A1E7A4F7556}") = "QA.Facade", "QA.Facade\QA.Facade.csproj", "{304DFED5-7404-462E-BCDD-FB46DC8A4C4C}"
EndProject
Project("{9A19103F-16F7-4668-BE54-9A1E7A4F7556}") = "QA.PowerShell.DataProcessing", "QA.PowerShell.DataProcessing\QA.PowerShell.DataProcessing.csproj", "{89D2F691-7D9D-463F-ACE5-A61BE7EC3995}"
EndProject
Project("{9A19103F-16F7-4668-BE54-9A1E7A4F7556}") = "QA.PowerShell.Validation", "QA.PowerShell.Validation\QA.PowerShell.Validation.csproj", "{9B9B0187-1BEF-4CD8-99F1-1BCC5C9C16D4}"
EndProject
Project("{9A19103F-16F7-4668-BE54-9A1E7A4F7556}") = "QA.Extension.BusinessRule", "QA.Extension.BusinessRule\QA.Extension.BusinessRule.csproj", "{58237D1B-6E2A-4C87-A7D2-F76D295E59BB}"
EndProject
Project("{F5034706-568F-408A-B7B3-4D38C6DB8A32}") = "ControlScripts", "ControlScripts\ControlScripts.pssproj", "{6CAFC0C6-A428-4D30-A9F9-700E829FEA51}"
	ProjectSection(ProjectDependencies) = postProject
		{F9070D0F-5D0A-43FE-AA00-5BFA6B28545F} = {F9070D0F-5D0A-43FE-AA00-5BFA6B28545F}
		{58237D1B-6E2A-4C87-A7D2-F76D295E59BB} = {58237D1B-6E2A-4C87-A7D2-F76D295E59BB}
		{313A823F-AFD1-4B42-968D-36B347388BEB} = {313A823F-AFD1-4B42-968D-36B347388BEB}
		{E3412352-D584-42A3-9121-705F1DC3BB83} = {E3412352-D584-42A3-9121-705F1DC3BB83}
		{697FCF75-19D5-4968-8AA8-537089D8033F} = {697FCF75-19D5-4968-8AA8-537089D8033F}
		{9B9B0187-1BEF-4CD8-99F1-1BCC5C9C16D4} = {9B9B0187-1BEF-4CD8-99F1-1BCC5C9C16D4}
		{89D2F691-7D9D-463F-ACE5-A61BE7EC3995} = {89D2F691-7D9D-463F-ACE5-A61BE7EC3995}
		{4243899F-D6B8-4A13-9E2D-38C0243EC006} = {4243899F-D6B8-4A13-9E2D-38C0243EC006}
		{D93801D3-94D9-4E1B-B280-A8E19B4A35F6} = {D93801D3-94D9-4E1B-B280-A8E19B4A35F6}
		{304DFED5-7404-462E-BCDD-FB46DC8A4C4C} = {304DFED5-7404-462E-BCDD-FB46DC8A4C4C}
		{2094EADE-BD3F-4588-BBF5-966A797B9A70} = {2094EADE-BD3F-4588-BBF5-966A797B9A70}
	EndProjectSection
EndProject
Project("{FAE04EC0-301F-11D3-BF4B-00C04F79EFBC}") = "QA.Online", "QA.Online\QA.Online.csproj", "{4243899F-D6B8-4A13-9E2D-38C0243EC006}"
EndProject
Global
	GlobalSection(SolutionConfigurationPlatforms) = preSolution
		Debug|Any CPU = Debug|Any CPU
		Release|Any CPU = Release|Any CPU
	EndGlobalSection
	GlobalSection(ProjectConfigurationPlatforms) = postSolution
		{E3412352-D584-42A3-9121-705F1DC3BB83}.Debug|Any CPU.ActiveCfg = Debug|Any CPU
		{E3412352-D584-42A3-9121-705F1DC3BB83}.Debug|Any CPU.Build.0 = Debug|Any CPU
		{E3412352-D584-42A3-9121-705F1DC3BB83}.Release|Any CPU.ActiveCfg = Release|Any CPU
		{E3412352-D584-42A3-9121-705F1DC3BB83}.Release|Any CPU.Build.0 = Release|Any CPU
		{313A823F-AFD1-4B42-968D-36B347388BEB}.Debug|Any CPU.ActiveCfg = Debug|Any CPU
		{313A823F-AFD1-4B42-968D-36B347388BEB}.Debug|Any CPU.Build.0 = Debug|Any CPU
		{313A823F-AFD1-4B42-968D-36B347388BEB}.Release|Any CPU.ActiveCfg = Release|Any CPU
		{313A823F-AFD1-4B42-968D-36B347388BEB}.Release|Any CPU.Build.0 = Release|Any CPU
		{F9070D0F-5D0A-43FE-AA00-5BFA6B28545F}.Debug|Any CPU.ActiveCfg = Debug|Any CPU
		{F9070D0F-5D0A-43FE-AA00-5BFA6B28545F}.Debug|Any CPU.Build.0 = Debug|Any CPU
		{F9070D0F-5D0A-43FE-AA00-5BFA6B28545F}.Release|Any CPU.ActiveCfg = Release|Any CPU
		{F9070D0F-5D0A-43FE-AA00-5BFA6B28545F}.Release|Any CPU.Build.0 = Release|Any CPU
		{2094EADE-BD3F-4588-BBF5-966A797B9A70}.Debug|Any CPU.ActiveCfg = Debug|Any CPU
		{2094EADE-BD3F-4588-BBF5-966A797B9A70}.Debug|Any CPU.Build.0 = Debug|Any CPU
		{2094EADE-BD3F-4588-BBF5-966A797B9A70}.Release|Any CPU.ActiveCfg = Release|Any CPU
		{2094EADE-BD3F-4588-BBF5-966A797B9A70}.Release|Any CPU.Build.0 = Release|Any CPU
		{697FCF75-19D5-4968-8AA8-537089D8033F}.Debug|Any CPU.ActiveCfg = Debug|Any CPU
		{697FCF75-19D5-4968-8AA8-537089D8033F}.Debug|Any CPU.Build.0 = Debug|Any CPU
		{697FCF75-19D5-4968-8AA8-537089D8033F}.Release|Any CPU.ActiveCfg = Release|Any CPU
		{697FCF75-19D5-4968-8AA8-537089D8033F}.Release|Any CPU.Build.0 = Release|Any CPU
		{D93801D3-94D9-4E1B-B280-A8E19B4A35F6}.Debug|Any CPU.ActiveCfg = Debug|Any CPU
		{D93801D3-94D9-4E1B-B280-A8E19B4A35F6}.Debug|Any CPU.Build.0 = Debug|Any CPU
		{D93801D3-94D9-4E1B-B280-A8E19B4A35F6}.Release|Any CPU.ActiveCfg = Release|Any CPU
		{D93801D3-94D9-4E1B-B280-A8E19B4A35F6}.Release|Any CPU.Build.0 = Release|Any CPU
		{304DFED5-7404-462E-BCDD-FB46DC8A4C4C}.Debug|Any CPU.ActiveCfg = Debug|Any CPU
		{304DFED5-7404-462E-BCDD-FB46DC8A4C4C}.Debug|Any CPU.Build.0 = Debug|Any CPU
		{304DFED5-7404-462E-BCDD-FB46DC8A4C4C}.Release|Any CPU.ActiveCfg = Release|Any CPU
		{304DFED5-7404-462E-BCDD-FB46DC8A4C4C}.Release|Any CPU.Build.0 = Release|Any CPU
		{89D2F691-7D9D-463F-ACE5-A61BE7EC3995}.Debug|Any CPU.ActiveCfg = Debug|Any CPU
		{89D2F691-7D9D-463F-ACE5-A61BE7EC3995}.Debug|Any CPU.Build.0 = Debug|Any CPU
		{89D2F691-7D9D-463F-ACE5-A61BE7EC3995}.Release|Any CPU.ActiveCfg = Release|Any CPU
		{89D2F691-7D9D-463F-ACE5-A61BE7EC3995}.Release|Any CPU.Build.0 = Release|Any CPU
		{9B9B0187-1BEF-4CD8-99F1-1BCC5C9C16D4}.Debug|Any CPU.ActiveCfg = Debug|Any CPU
		{9B9B0187-1BEF-4CD8-99F1-1BCC5C9C16D4}.Debug|Any CPU.Build.0 = Debug|Any CPU
		{9B9B0187-1BEF-4CD8-99F1-1BCC5C9C16D4}.Release|Any CPU.ActiveCfg = Release|Any CPU
		{9B9B0187-1BEF-4CD8-99F1-1BCC5C9C16D4}.Release|Any CPU.Build.0 = Release|Any CPU
		{58237D1B-6E2A-4C87-A7D2-F76D295E59BB}.Debug|Any CPU.ActiveCfg = Debug|Any CPU
		{58237D1B-6E2A-4C87-A7D2-F76D295E59BB}.Debug|Any CPU.Build.0 = Debug|Any CPU
		{58237D1B-6E2A-4C87-A7D2-F76D295E59BB}.Release|Any CPU.ActiveCfg = Release|Any CPU
		{58237D1B-6E2A-4C87-A7D2-F76D295E59BB}.Release|Any CPU.Build.0 = Release|Any CPU
		{6CAFC0C6-A428-4D30-A9F9-700E829FEA51}.Debug|Any CPU.ActiveCfg = Debug|Any CPU
		{6CAFC0C6-A428-4D30-A9F9-700E829FEA51}.Debug|Any CPU.Build.0 = Debug|Any CPU
		{6CAFC0C6-A428-4D30-A9F9-700E829FEA51}.Release|Any CPU.ActiveCfg = Release|Any CPU
		{6CAFC0C6-A428-4D30-A9F9-700E829FEA51}.Release|Any CPU.Build.0 = Release|Any CPU
		{4243899F-D6B8-4A13-9E2D-38C0243EC006}.Debug|Any CPU.ActiveCfg = Debug|Any CPU
		{4243899F-D6B8-4A13-9E2D-38C0243EC006}.Debug|Any CPU.Build.0 = Debug|Any CPU
		{4243899F-D6B8-4A13-9E2D-38C0243EC006}.Release|Any CPU.ActiveCfg = Release|Any CPU
		{4243899F-D6B8-4A13-9E2D-38C0243EC006}.Release|Any CPU.Build.0 = Release|Any CPU
	EndGlobalSection
	GlobalSection(SolutionProperties) = preSolution
		HideSolutionNode = FALSE
	EndGlobalSection
	GlobalSection(ExtensibilityGlobals) = postSolution
		SolutionGuid = {AE3F8458-5EF8-4436-91AD-750907627577}
	EndGlobalSection
EndGlobal
