
Microsoft Visual Studio Solution File, Format Version 11.00
# Visual Studio 2010
Project("{FAE04EC0-301F-11D3-BF4B-00C04F79EFBC}") = "DIS", "DIS\DIS.csproj", "{9f973684-73d4-46e9-b86b-6ccfa82b6428}"
EndProject
Global
	GlobalSection(SolutionConfigurationPlatforms) = preSolution
		Debug|Any CPU = Debug|Any CPU
		Release|Any CPU = Release|Any CPU
	EndGlobalSection
	GlobalSection(ProjectConfigurationPlatforms) = postSolution
		{9F973684-73D4-46E9-B86B-6CCFA82B6428}.Debug|Any CPU.ActiveCfg = Debug|Any CPU
		{9F973684-73D4-46E9-B86B-6CCFA82B6428}.Debug|Any CPU.Build.0 = Debug|Any CPU
		{9F973684-73D4-46E9-B86B-6CCFA82B6428}.Release|Any CPU.ActiveCfg = Release|Any CPU
		{9F973684-73D4-46E9-B86B-6CCFA82B6428}.Release|Any CPU.Build.0 = Release|Any CPU
	EndGlobalSection
EndGlobal
