
Microsoft Visual Studio Solution File, Format Version 12.00
# Visual Studio 14
VisualStudioVersion = 14.0.25420.1
MinimumVisualStudioVersion = 10.0.40219.1
Project("{FAE04EC0-301F-11D3-BF4B-00C04F79EFBC}") = "DataContract", "DataContract\DataContract.csproj", "{549E007B-EB95-4EE9-9F5B-36C06C77B765}"
EndProject
Project("{FAE04EC0-301F-11D3-BF4B-00C04F79EFBC}") = "DataModel", "DataModel\DataModel.csproj", "{7CE25FF3-1351-4F1A-9A3F-96A49D565F31}"
EndProject
Project("{FAE04EC0-301F-11D3-BF4B-00C04F79EFBC}") = "MetaManagement", "MetaManagement\MetaManagement.csproj", "{6F2E7B9E-FBE3-48BB-BC87-22DD1353B1B9}"
EndProject
Project("{FAE04EC0-301F-11D3-BF4B-00C04F79EFBC}") = "StorageManagement", "StorageManagement\StorageManagement.csproj", "{32505E0D-54B1-4B00-AFC8-DB3C206341A4}"
EndProject
Project("{FAE04EC0-301F-11D3-BF4B-00C04F79EFBC}") = "DISConfigurationCloud.Security", "DISConfigurationCloud.Security\DISConfigurationCloud.Security.csproj", "{6EBDA474-4608-4B7E-B376-DA4991E93627}"
EndProject
Project("{FAE04EC0-301F-11D3-BF4B-00C04F79EFBC}") = "DISConfigurationCloud.Utility", "DISConfigurationCloud.Utility\DISConfigurationCloud.Utility.csproj", "{AB172924-4045-4B2B-91E0-E941B20EF872}"
EndProject
Project("{FAE04EC0-301F-11D3-BF4B-00C04F79EFBC}") = "DISConfigurationCloud", "DISConfigurationCloud\DISConfigurationCloud.csproj", "{DBC36CBC-1637-4A88-B8A8-A70C191D5A7F}"
EndProject
Project("{FAE04EC0-301F-11D3-BF4B-00C04F79EFBC}") = "Platform.DAAS.OData.Core", "Platform.DAAS.OData.Core\Platform.DAAS.OData.Core.csproj", "{D58BE427-9335-4F33-97F3-89F37EEB6292}"
EndProject
Project("{FAE04EC0-301F-11D3-BF4B-00C04F79EFBC}") = "Platform.DAAS.OData.Facade", "Platform.DAAS.OData.Facade\Platform.DAAS.OData.Facade.csproj", "{D1380EAE-67DA-45A9-B8DE-7E6173904A06}"
EndProject
Project("{FAE04EC0-301F-11D3-BF4B-00C04F79EFBC}") = "Platform.DAAS.OData.Framework", "Platform.DAAS.OData.Framework\Platform.DAAS.OData.Framework.csproj", "{55727389-9363-425B-B9B5-DB3A3085B8D4}"
EndProject
Project("{FAE04EC0-301F-11D3-BF4B-00C04F79EFBC}") = "Platform.DAAS.OData.HTTP", "Platform.DAAS.OData.HTTP\Platform.DAAS.OData.HTTP.csproj", "{D09F6172-2AD2-4091-8523-28EFA3C34499}"
EndProject
Project("{FAE04EC0-301F-11D3-BF4B-00C04F79EFBC}") = "Platform.DAAS.OData.Logging", "Platform.DAAS.OData.Logging\Platform.DAAS.OData.Logging.csproj", "{75FDD9FA-1A58-497A-A9DB-9939F02ADB29}"
EndProject
Project("{FAE04EC0-301F-11D3-BF4B-00C04F79EFBC}") = "Platform.DAAS.OData.Model", "Platform.DAAS.OData.Model\Platform.DAAS.OData.Model.csproj", "{60732C26-BD45-4179-A484-DC4DC0DA8B11}"
EndProject
Project("{FAE04EC0-301F-11D3-BF4B-00C04F79EFBC}") = "Platform.DAAS.OData.Security", "Platform.DAAS.OData.Security\Platform.DAAS.OData.Security.csproj", "{13C631F5-FAD7-4CA8-AB18-8FFCFA9AB026}"
EndProject
Project("{FAE04EC0-301F-11D3-BF4B-00C04F79EFBC}") = "Platform.DAAS.OData.ServiceManagement", "Platform.DAAS.OData.ServiceManager\Platform.DAAS.OData.ServiceManagement.csproj", "{41BB627F-E2B4-4D03-9DEF-E592E167A73A}"
EndProject
Project("{FAE04EC0-301F-11D3-BF4B-00C04F79EFBC}") = "Platform.DAAS.OData.Utility", "Platform.DAAS.OData.Utility\Platform.DAAS.OData.Utility.csproj", "{3A2259D1-B0B2-49F0-A288-4D9834ECC6D3}"
EndProject
Project("{FAE04EC0-301F-11D3-BF4B-00C04F79EFBC}") = "DISOpenDataPlatform", "DISOpenDataPlatform\DISOpenDataPlatform.csproj", "{F52DE0FB-2348-40CD-9D49-061F894F6E07}"
EndProject
Project("{FAE04EC0-301F-11D3-BF4B-00C04F79EFBC}") = "DataController", "DataController\DataController.csproj", "{96A9672C-44F0-4EDF-8AFF-5AD04D8A4EE4}"
EndProject
Project("{FAE04EC0-301F-11D3-BF4B-00C04F79EFBC}") = "ResourceIntegrator", "ResourceIntegrator\ResourceIntegrator.csproj", "{52401417-15AA-468B-88A1-5578AFC71E69}"
EndProject
Project("{FAE04EC0-301F-11D3-BF4B-00C04F79EFBC}") = "DISOpenDataCloud", "DISOpenDataCloud\DISOpenDataCloud.csproj", "{3C81849F-5365-4CFE-BF55-159A2B7DFFEE}"
EndProject
Project("{FAE04EC0-301F-11D3-BF4B-00C04F79EFBC}") = "Platform.DAAS.OData.Security.Extension", "Platform.DAAS.OData.Security.Extension\Platform.DAAS.OData.Security.Extension.csproj", "{000E6B7A-1E24-4D10-B6BB-C43C0E749AEB}"
EndProject
Project("{FAE04EC0-301F-11D3-BF4B-00C04F79EFBC}") = "Platform.DAAS.OData.Core.DomainModel", "Platform.DAAS.OData.Core.DomainModel\Platform.DAAS.OData.Core.DomainModel.csproj", "{25DA5666-0926-42D8-933D-7B0B4A63EB03}"
EndProject
Project("{FAE04EC0-301F-11D3-BF4B-00C04F79EFBC}") = "Platform.DAAS.OData.BusinessManagement", "Platform.DAAS.OData.BusinessManagement\Platform.DAAS.OData.BusinessManagement.csproj", "{A18EDB2D-7CD8-472B-9039-A371CC406AE5}"
EndProject
Project("{FAE04EC0-301F-11D3-BF4B-00C04F79EFBC}") = "Platform.DAAS.OData.StorageManagement", "Platform.DAAS.OData.StorageManagement\Platform.DAAS.OData.StorageManagement.csproj", "{0CEA159A-F4E8-4F4E-93DC-1973EF490949}"
EndProject
Global
	GlobalSection(SolutionConfigurationPlatforms) = preSolution
		Debug|Any CPU = Debug|Any CPU
		Debug|x86 = Debug|x86
		Release|Any CPU = Release|Any CPU
		Release|x86 = Release|x86
	EndGlobalSection
	GlobalSection(ProjectConfigurationPlatforms) = postSolution
		{549E007B-EB95-4EE9-9F5B-36C06C77B765}.Debug|Any CPU.ActiveCfg = Debug|Any CPU
		{549E007B-EB95-4EE9-9F5B-36C06C77B765}.Debug|Any CPU.Build.0 = Debug|Any CPU
		{549E007B-EB95-4EE9-9F5B-36C06C77B765}.Debug|x86.ActiveCfg = Debug|x86
		{549E007B-EB95-4EE9-9F5B-36C06C77B765}.Debug|x86.Build.0 = Debug|x86
		{549E007B-EB95-4EE9-9F5B-36C06C77B765}.Release|Any CPU.ActiveCfg = Release|Any CPU
		{549E007B-EB95-4EE9-9F5B-36C06C77B765}.Release|Any CPU.Build.0 = Release|Any CPU
		{549E007B-EB95-4EE9-9F5B-36C06C77B765}.Release|x86.ActiveCfg = Release|x86
		{549E007B-EB95-4EE9-9F5B-36C06C77B765}.Release|x86.Build.0 = Release|x86
		{7CE25FF3-1351-4F1A-9A3F-96A49D565F31}.Debug|Any CPU.ActiveCfg = Debug|Any CPU
		{7CE25FF3-1351-4F1A-9A3F-96A49D565F31}.Debug|Any CPU.Build.0 = Debug|Any CPU
		{7CE25FF3-1351-4F1A-9A3F-96A49D565F31}.Debug|x86.ActiveCfg = Debug|Any CPU
		{7CE25FF3-1351-4F1A-9A3F-96A49D565F31}.Debug|x86.Build.0 = Debug|Any CPU
		{7CE25FF3-1351-4F1A-9A3F-96A49D565F31}.Release|Any CPU.ActiveCfg = Release|Any CPU
		{7CE25FF3-1351-4F1A-9A3F-96A49D565F31}.Release|Any CPU.Build.0 = Release|Any CPU
		{7CE25FF3-1351-4F1A-9A3F-96A49D565F31}.Release|x86.ActiveCfg = Release|Any CPU
		{7CE25FF3-1351-4F1A-9A3F-96A49D565F31}.Release|x86.Build.0 = Release|Any CPU
		{6F2E7B9E-FBE3-48BB-BC87-22DD1353B1B9}.Debug|Any CPU.ActiveCfg = Debug|Any CPU
		{6F2E7B9E-FBE3-48BB-BC87-22DD1353B1B9}.Debug|Any CPU.Build.0 = Debug|Any CPU
		{6F2E7B9E-FBE3-48BB-BC87-22DD1353B1B9}.Debug|x86.ActiveCfg = Debug|Any CPU
		{6F2E7B9E-FBE3-48BB-BC87-22DD1353B1B9}.Debug|x86.Build.0 = Debug|Any CPU
		{6F2E7B9E-FBE3-48BB-BC87-22DD1353B1B9}.Release|Any CPU.ActiveCfg = Release|Any CPU
		{6F2E7B9E-FBE3-48BB-BC87-22DD1353B1B9}.Release|Any CPU.Build.0 = Release|Any CPU
		{6F2E7B9E-FBE3-48BB-BC87-22DD1353B1B9}.Release|x86.ActiveCfg = Release|Any CPU
		{6F2E7B9E-FBE3-48BB-BC87-22DD1353B1B9}.Release|x86.Build.0 = Release|Any CPU
		{32505E0D-54B1-4B00-AFC8-DB3C206341A4}.Debug|Any CPU.ActiveCfg = Debug|Any CPU
		{32505E0D-54B1-4B00-AFC8-DB3C206341A4}.Debug|Any CPU.Build.0 = Debug|Any CPU
		{32505E0D-54B1-4B00-AFC8-DB3C206341A4}.Debug|x86.ActiveCfg = Debug|Any CPU
		{32505E0D-54B1-4B00-AFC8-DB3C206341A4}.Debug|x86.Build.0 = Debug|Any CPU
		{32505E0D-54B1-4B00-AFC8-DB3C206341A4}.Release|Any CPU.ActiveCfg = Release|Any CPU
		{32505E0D-54B1-4B00-AFC8-DB3C206341A4}.Release|Any CPU.Build.0 = Release|Any CPU
		{32505E0D-54B1-4B00-AFC8-DB3C206341A4}.Release|x86.ActiveCfg = Release|Any CPU
		{32505E0D-54B1-4B00-AFC8-DB3C206341A4}.Release|x86.Build.0 = Release|Any CPU
		{6EBDA474-4608-4B7E-B376-DA4991E93627}.Debug|Any CPU.ActiveCfg = Debug|Any CPU
		{6EBDA474-4608-4B7E-B376-DA4991E93627}.Debug|Any CPU.Build.0 = Debug|Any CPU
		{6EBDA474-4608-4B7E-B376-DA4991E93627}.Debug|x86.ActiveCfg = Debug|Any CPU
		{6EBDA474-4608-4B7E-B376-DA4991E93627}.Debug|x86.Build.0 = Debug|Any CPU
		{6EBDA474-4608-4B7E-B376-DA4991E93627}.Release|Any CPU.ActiveCfg = Release|Any CPU
		{6EBDA474-4608-4B7E-B376-DA4991E93627}.Release|Any CPU.Build.0 = Release|Any CPU
		{6EBDA474-4608-4B7E-B376-DA4991E93627}.Release|x86.ActiveCfg = Release|Any CPU
		{6EBDA474-4608-4B7E-B376-DA4991E93627}.Release|x86.Build.0 = Release|Any CPU
		{AB172924-4045-4B2B-91E0-E941B20EF872}.Debug|Any CPU.ActiveCfg = Debug|Any CPU
		{AB172924-4045-4B2B-91E0-E941B20EF872}.Debug|Any CPU.Build.0 = Debug|Any CPU
		{AB172924-4045-4B2B-91E0-E941B20EF872}.Debug|x86.ActiveCfg = Debug|Any CPU
		{AB172924-4045-4B2B-91E0-E941B20EF872}.Debug|x86.Build.0 = Debug|Any CPU
		{AB172924-4045-4B2B-91E0-E941B20EF872}.Release|Any CPU.ActiveCfg = Release|Any CPU
		{AB172924-4045-4B2B-91E0-E941B20EF872}.Release|Any CPU.Build.0 = Release|Any CPU
		{AB172924-4045-4B2B-91E0-E941B20EF872}.Release|x86.ActiveCfg = Release|Any CPU
		{AB172924-4045-4B2B-91E0-E941B20EF872}.Release|x86.Build.0 = Release|Any CPU
		{DBC36CBC-1637-4A88-B8A8-A70C191D5A7F}.Debug|Any CPU.ActiveCfg = Debug|Any CPU
		{DBC36CBC-1637-4A88-B8A8-A70C191D5A7F}.Debug|Any CPU.Build.0 = Debug|Any CPU
		{DBC36CBC-1637-4A88-B8A8-A70C191D5A7F}.Debug|x86.ActiveCfg = Debug|Any CPU
		{DBC36CBC-1637-4A88-B8A8-A70C191D5A7F}.Debug|x86.Build.0 = Debug|Any CPU
		{DBC36CBC-1637-4A88-B8A8-A70C191D5A7F}.Release|Any CPU.ActiveCfg = Release|Any CPU
		{DBC36CBC-1637-4A88-B8A8-A70C191D5A7F}.Release|Any CPU.Build.0 = Release|Any CPU
		{DBC36CBC-1637-4A88-B8A8-A70C191D5A7F}.Release|x86.ActiveCfg = Release|Any CPU
		{DBC36CBC-1637-4A88-B8A8-A70C191D5A7F}.Release|x86.Build.0 = Release|Any CPU
		{D58BE427-9335-4F33-97F3-89F37EEB6292}.Debug|Any CPU.ActiveCfg = Debug|Any CPU
		{D58BE427-9335-4F33-97F3-89F37EEB6292}.Debug|Any CPU.Build.0 = Debug|Any CPU
		{D58BE427-9335-4F33-97F3-89F37EEB6292}.Debug|x86.ActiveCfg = Debug|Any CPU
		{D58BE427-9335-4F33-97F3-89F37EEB6292}.Debug|x86.Build.0 = Debug|Any CPU
		{D58BE427-9335-4F33-97F3-89F37EEB6292}.Release|Any CPU.ActiveCfg = Release|Any CPU
		{D58BE427-9335-4F33-97F3-89F37EEB6292}.Release|Any CPU.Build.0 = Release|Any CPU
		{D58BE427-9335-4F33-97F3-89F37EEB6292}.Release|x86.ActiveCfg = Release|Any CPU
		{D58BE427-9335-4F33-97F3-89F37EEB6292}.Release|x86.Build.0 = Release|Any CPU
		{D1380EAE-67DA-45A9-B8DE-7E6173904A06}.Debug|Any CPU.ActiveCfg = Debug|Any CPU
		{D1380EAE-67DA-45A9-B8DE-7E6173904A06}.Debug|Any CPU.Build.0 = Debug|Any CPU
		{D1380EAE-67DA-45A9-B8DE-7E6173904A06}.Debug|x86.ActiveCfg = Debug|Any CPU
		{D1380EAE-67DA-45A9-B8DE-7E6173904A06}.Debug|x86.Build.0 = Debug|Any CPU
		{D1380EAE-67DA-45A9-B8DE-7E6173904A06}.Release|Any CPU.ActiveCfg = Release|Any CPU
		{D1380EAE-67DA-45A9-B8DE-7E6173904A06}.Release|Any CPU.Build.0 = Release|Any CPU
		{D1380EAE-67DA-45A9-B8DE-7E6173904A06}.Release|x86.ActiveCfg = Release|Any CPU
		{D1380EAE-67DA-45A9-B8DE-7E6173904A06}.Release|x86.Build.0 = Release|Any CPU
		{55727389-9363-425B-B9B5-DB3A3085B8D4}.Debug|Any CPU.ActiveCfg = Debug|Any CPU
		{55727389-9363-425B-B9B5-DB3A3085B8D4}.Debug|Any CPU.Build.0 = Debug|Any CPU
		{55727389-9363-425B-B9B5-DB3A3085B8D4}.Debug|x86.ActiveCfg = Debug|Any CPU
		{55727389-9363-425B-B9B5-DB3A3085B8D4}.Debug|x86.Build.0 = Debug|Any CPU
		{55727389-9363-425B-B9B5-DB3A3085B8D4}.Release|Any CPU.ActiveCfg = Release|Any CPU
		{55727389-9363-425B-B9B5-DB3A3085B8D4}.Release|Any CPU.Build.0 = Release|Any CPU
		{55727389-9363-425B-B9B5-DB3A3085B8D4}.Release|x86.ActiveCfg = Release|Any CPU
		{55727389-9363-425B-B9B5-DB3A3085B8D4}.Release|x86.Build.0 = Release|Any CPU
		{D09F6172-2AD2-4091-8523-28EFA3C34499}.Debug|Any CPU.ActiveCfg = Debug|Any CPU
		{D09F6172-2AD2-4091-8523-28EFA3C34499}.Debug|Any CPU.Build.0 = Debug|Any CPU
		{D09F6172-2AD2-4091-8523-28EFA3C34499}.Debug|x86.ActiveCfg = Debug|Any CPU
		{D09F6172-2AD2-4091-8523-28EFA3C34499}.Debug|x86.Build.0 = Debug|Any CPU
		{D09F6172-2AD2-4091-8523-28EFA3C34499}.Release|Any CPU.ActiveCfg = Release|Any CPU
		{D09F6172-2AD2-4091-8523-28EFA3C34499}.Release|Any CPU.Build.0 = Release|Any CPU
		{D09F6172-2AD2-4091-8523-28EFA3C34499}.Release|x86.ActiveCfg = Release|Any CPU
		{D09F6172-2AD2-4091-8523-28EFA3C34499}.Release|x86.Build.0 = Release|Any CPU
		{75FDD9FA-1A58-497A-A9DB-9939F02ADB29}.Debug|Any CPU.ActiveCfg = Debug|Any CPU
		{75FDD9FA-1A58-497A-A9DB-9939F02ADB29}.Debug|Any CPU.Build.0 = Debug|Any CPU
		{75FDD9FA-1A58-497A-A9DB-9939F02ADB29}.Debug|x86.ActiveCfg = Debug|Any CPU
		{75FDD9FA-1A58-497A-A9DB-9939F02ADB29}.Debug|x86.Build.0 = Debug|Any CPU
		{75FDD9FA-1A58-497A-A9DB-9939F02ADB29}.Release|Any CPU.ActiveCfg = Release|Any CPU
		{75FDD9FA-1A58-497A-A9DB-9939F02ADB29}.Release|Any CPU.Build.0 = Release|Any CPU
		{75FDD9FA-1A58-497A-A9DB-9939F02ADB29}.Release|x86.ActiveCfg = Release|Any CPU
		{75FDD9FA-1A58-497A-A9DB-9939F02ADB29}.Release|x86.Build.0 = Release|Any CPU
		{60732C26-BD45-4179-A484-DC4DC0DA8B11}.Debug|Any CPU.ActiveCfg = Debug|Any CPU
		{60732C26-BD45-4179-A484-DC4DC0DA8B11}.Debug|Any CPU.Build.0 = Debug|Any CPU
		{60732C26-BD45-4179-A484-DC4DC0DA8B11}.Debug|x86.ActiveCfg = Debug|Any CPU
		{60732C26-BD45-4179-A484-DC4DC0DA8B11}.Debug|x86.Build.0 = Debug|Any CPU
		{60732C26-BD45-4179-A484-DC4DC0DA8B11}.Release|Any CPU.ActiveCfg = Release|Any CPU
		{60732C26-BD45-4179-A484-DC4DC0DA8B11}.Release|Any CPU.Build.0 = Release|Any CPU
		{60732C26-BD45-4179-A484-DC4DC0DA8B11}.Release|x86.ActiveCfg = Release|Any CPU
		{60732C26-BD45-4179-A484-DC4DC0DA8B11}.Release|x86.Build.0 = Release|Any CPU
		{13C631F5-FAD7-4CA8-AB18-8FFCFA9AB026}.Debug|Any CPU.ActiveCfg = Debug|Any CPU
		{13C631F5-FAD7-4CA8-AB18-8FFCFA9AB026}.Debug|Any CPU.Build.0 = Debug|Any CPU
		{13C631F5-FAD7-4CA8-AB18-8FFCFA9AB026}.Debug|x86.ActiveCfg = Debug|Any CPU
		{13C631F5-FAD7-4CA8-AB18-8FFCFA9AB026}.Debug|x86.Build.0 = Debug|Any CPU
		{13C631F5-FAD7-4CA8-AB18-8FFCFA9AB026}.Release|Any CPU.ActiveCfg = Release|Any CPU
		{13C631F5-FAD7-4CA8-AB18-8FFCFA9AB026}.Release|Any CPU.Build.0 = Release|Any CPU
		{13C631F5-FAD7-4CA8-AB18-8FFCFA9AB026}.Release|x86.ActiveCfg = Release|Any CPU
		{13C631F5-FAD7-4CA8-AB18-8FFCFA9AB026}.Release|x86.Build.0 = Release|Any CPU
		{41BB627F-E2B4-4D03-9DEF-E592E167A73A}.Debug|Any CPU.ActiveCfg = Debug|Any CPU
		{41BB627F-E2B4-4D03-9DEF-E592E167A73A}.Debug|Any CPU.Build.0 = Debug|Any CPU
		{41BB627F-E2B4-4D03-9DEF-E592E167A73A}.Debug|x86.ActiveCfg = Debug|Any CPU
		{41BB627F-E2B4-4D03-9DEF-E592E167A73A}.Debug|x86.Build.0 = Debug|Any CPU
		{41BB627F-E2B4-4D03-9DEF-E592E167A73A}.Release|Any CPU.ActiveCfg = Release|Any CPU
		{41BB627F-E2B4-4D03-9DEF-E592E167A73A}.Release|Any CPU.Build.0 = Release|Any CPU
		{41BB627F-E2B4-4D03-9DEF-E592E167A73A}.Release|x86.ActiveCfg = Release|Any CPU
		{41BB627F-E2B4-4D03-9DEF-E592E167A73A}.Release|x86.Build.0 = Release|Any CPU
		{3A2259D1-B0B2-49F0-A288-4D9834ECC6D3}.Debug|Any CPU.ActiveCfg = Debug|Any CPU
		{3A2259D1-B0B2-49F0-A288-4D9834ECC6D3}.Debug|Any CPU.Build.0 = Debug|Any CPU
		{3A2259D1-B0B2-49F0-A288-4D9834ECC6D3}.Debug|x86.ActiveCfg = Debug|Any CPU
		{3A2259D1-B0B2-49F0-A288-4D9834ECC6D3}.Debug|x86.Build.0 = Debug|Any CPU
		{3A2259D1-B0B2-49F0-A288-4D9834ECC6D3}.Release|Any CPU.ActiveCfg = Release|Any CPU
		{3A2259D1-B0B2-49F0-A288-4D9834ECC6D3}.Release|Any CPU.Build.0 = Release|Any CPU
		{3A2259D1-B0B2-49F0-A288-4D9834ECC6D3}.Release|x86.ActiveCfg = Release|Any CPU
		{3A2259D1-B0B2-49F0-A288-4D9834ECC6D3}.Release|x86.Build.0 = Release|Any CPU
		{F52DE0FB-2348-40CD-9D49-061F894F6E07}.Debug|Any CPU.ActiveCfg = Debug|Any CPU
		{F52DE0FB-2348-40CD-9D49-061F894F6E07}.Debug|Any CPU.Build.0 = Debug|Any CPU
		{F52DE0FB-2348-40CD-9D49-061F894F6E07}.Debug|x86.ActiveCfg = Debug|Any CPU
		{F52DE0FB-2348-40CD-9D49-061F894F6E07}.Debug|x86.Build.0 = Debug|Any CPU
		{F52DE0FB-2348-40CD-9D49-061F894F6E07}.Release|Any CPU.ActiveCfg = Release|Any CPU
		{F52DE0FB-2348-40CD-9D49-061F894F6E07}.Release|Any CPU.Build.0 = Release|Any CPU
		{F52DE0FB-2348-40CD-9D49-061F894F6E07}.Release|x86.ActiveCfg = Release|Any CPU
		{F52DE0FB-2348-40CD-9D49-061F894F6E07}.Release|x86.Build.0 = Release|Any CPU
		{96A9672C-44F0-4EDF-8AFF-5AD04D8A4EE4}.Debug|Any CPU.ActiveCfg = Debug|Any CPU
		{96A9672C-44F0-4EDF-8AFF-5AD04D8A4EE4}.Debug|Any CPU.Build.0 = Debug|Any CPU
		{96A9672C-44F0-4EDF-8AFF-5AD04D8A4EE4}.Debug|x86.ActiveCfg = Debug|Any CPU
		{96A9672C-44F0-4EDF-8AFF-5AD04D8A4EE4}.Debug|x86.Build.0 = Debug|Any CPU
		{96A9672C-44F0-4EDF-8AFF-5AD04D8A4EE4}.Release|Any CPU.ActiveCfg = Release|Any CPU
		{96A9672C-44F0-4EDF-8AFF-5AD04D8A4EE4}.Release|Any CPU.Build.0 = Release|Any CPU
		{96A9672C-44F0-4EDF-8AFF-5AD04D8A4EE4}.Release|x86.ActiveCfg = Release|Any CPU
		{96A9672C-44F0-4EDF-8AFF-5AD04D8A4EE4}.Release|x86.Build.0 = Release|Any CPU
		{52401417-15AA-468B-88A1-5578AFC71E69}.Debug|Any CPU.ActiveCfg = Debug|Any CPU
		{52401417-15AA-468B-88A1-5578AFC71E69}.Debug|Any CPU.Build.0 = Debug|Any CPU
		{52401417-15AA-468B-88A1-5578AFC71E69}.Debug|x86.ActiveCfg = Debug|Any CPU
		{52401417-15AA-468B-88A1-5578AFC71E69}.Debug|x86.Build.0 = Debug|Any CPU
		{52401417-15AA-468B-88A1-5578AFC71E69}.Release|Any CPU.ActiveCfg = Release|Any CPU
		{52401417-15AA-468B-88A1-5578AFC71E69}.Release|Any CPU.Build.0 = Release|Any CPU
		{52401417-15AA-468B-88A1-5578AFC71E69}.Release|x86.ActiveCfg = Release|Any CPU
		{52401417-15AA-468B-88A1-5578AFC71E69}.Release|x86.Build.0 = Release|Any CPU
		{3C81849F-5365-4CFE-BF55-159A2B7DFFEE}.Debug|Any CPU.ActiveCfg = Debug|Any CPU
		{3C81849F-5365-4CFE-BF55-159A2B7DFFEE}.Debug|Any CPU.Build.0 = Debug|Any CPU
		{3C81849F-5365-4CFE-BF55-159A2B7DFFEE}.Debug|x86.ActiveCfg = Debug|Any CPU
		{3C81849F-5365-4CFE-BF55-159A2B7DFFEE}.Debug|x86.Build.0 = Debug|Any CPU
		{3C81849F-5365-4CFE-BF55-159A2B7DFFEE}.Release|Any CPU.ActiveCfg = Release|Any CPU
		{3C81849F-5365-4CFE-BF55-159A2B7DFFEE}.Release|Any CPU.Build.0 = Release|Any CPU
		{3C81849F-5365-4CFE-BF55-159A2B7DFFEE}.Release|x86.ActiveCfg = Release|Any CPU
		{3C81849F-5365-4CFE-BF55-159A2B7DFFEE}.Release|x86.Build.0 = Release|Any CPU
		{000E6B7A-1E24-4D10-B6BB-C43C0E749AEB}.Debug|Any CPU.ActiveCfg = Debug|Any CPU
		{000E6B7A-1E24-4D10-B6BB-C43C0E749AEB}.Debug|Any CPU.Build.0 = Debug|Any CPU
		{000E6B7A-1E24-4D10-B6BB-C43C0E749AEB}.Debug|x86.ActiveCfg = Debug|Any CPU
		{000E6B7A-1E24-4D10-B6BB-C43C0E749AEB}.Debug|x86.Build.0 = Debug|Any CPU
		{000E6B7A-1E24-4D10-B6BB-C43C0E749AEB}.Release|Any CPU.ActiveCfg = Release|Any CPU
		{000E6B7A-1E24-4D10-B6BB-C43C0E749AEB}.Release|Any CPU.Build.0 = Release|Any CPU
		{000E6B7A-1E24-4D10-B6BB-C43C0E749AEB}.Release|x86.ActiveCfg = Release|Any CPU
		{000E6B7A-1E24-4D10-B6BB-C43C0E749AEB}.Release|x86.Build.0 = Release|Any CPU
		{25DA5666-0926-42D8-933D-7B0B4A63EB03}.Debug|Any CPU.ActiveCfg = Debug|Any CPU
		{25DA5666-0926-42D8-933D-7B0B4A63EB03}.Debug|Any CPU.Build.0 = Debug|Any CPU
		{25DA5666-0926-42D8-933D-7B0B4A63EB03}.Debug|x86.ActiveCfg = Debug|Any CPU
		{25DA5666-0926-42D8-933D-7B0B4A63EB03}.Debug|x86.Build.0 = Debug|Any CPU
		{25DA5666-0926-42D8-933D-7B0B4A63EB03}.Release|Any CPU.ActiveCfg = Release|Any CPU
		{25DA5666-0926-42D8-933D-7B0B4A63EB03}.Release|Any CPU.Build.0 = Release|Any CPU
		{25DA5666-0926-42D8-933D-7B0B4A63EB03}.Release|x86.ActiveCfg = Release|Any CPU
		{25DA5666-0926-42D8-933D-7B0B4A63EB03}.Release|x86.Build.0 = Release|Any CPU
		{A18EDB2D-7CD8-472B-9039-A371CC406AE5}.Debug|Any CPU.ActiveCfg = Debug|Any CPU
		{A18EDB2D-7CD8-472B-9039-A371CC406AE5}.Debug|Any CPU.Build.0 = Debug|Any CPU
		{A18EDB2D-7CD8-472B-9039-A371CC406AE5}.Debug|x86.ActiveCfg = Debug|Any CPU
		{A18EDB2D-7CD8-472B-9039-A371CC406AE5}.Debug|x86.Build.0 = Debug|Any CPU
		{A18EDB2D-7CD8-472B-9039-A371CC406AE5}.Release|Any CPU.ActiveCfg = Release|Any CPU
		{A18EDB2D-7CD8-472B-9039-A371CC406AE5}.Release|Any CPU.Build.0 = Release|Any CPU
		{A18EDB2D-7CD8-472B-9039-A371CC406AE5}.Release|x86.ActiveCfg = Release|Any CPU
		{A18EDB2D-7CD8-472B-9039-A371CC406AE5}.Release|x86.Build.0 = Release|Any CPU
		{0CEA159A-F4E8-4F4E-93DC-1973EF490949}.Debug|Any CPU.ActiveCfg = Debug|Any CPU
		{0CEA159A-F4E8-4F4E-93DC-1973EF490949}.Debug|Any CPU.Build.0 = Debug|Any CPU
		{0CEA159A-F4E8-4F4E-93DC-1973EF490949}.Debug|x86.ActiveCfg = Debug|Any CPU
		{0CEA159A-F4E8-4F4E-93DC-1973EF490949}.Debug|x86.Build.0 = Debug|Any CPU
		{0CEA159A-F4E8-4F4E-93DC-1973EF490949}.Release|Any CPU.ActiveCfg = Release|Any CPU
		{0CEA159A-F4E8-4F4E-93DC-1973EF490949}.Release|Any CPU.Build.0 = Release|Any CPU
		{0CEA159A-F4E8-4F4E-93DC-1973EF490949}.Release|x86.ActiveCfg = Release|Any CPU
		{0CEA159A-F4E8-4F4E-93DC-1973EF490949}.Release|x86.Build.0 = Release|Any CPU
	EndGlobalSection
	GlobalSection(SolutionProperties) = preSolution
		HideSolutionNode = FALSE
	EndGlobalSection
EndGlobal
