
Microsoft Visual Studio Solution File, Format Version 12.00
# Visual Studio 15
VisualStudioVersion = 15.0.27004.2010
MinimumVisualStudioVersion = 10.0.40219.1
Project("{FAE04EC0-301F-11D3-BF4B-00C04F79EFBC}") = "SuperRun", "..\SuperRun\SuperRun.csproj", "{316E9C85-8DA8-4EA8-B380-19C2ED2F954F}"
EndProject
Project("{F5034706-568F-408A-B7B3-4D38C6DB8A32}") = "ServerScript", "ServerScript\ServerScript.pssproj", "{6CAFC0C6-A428-4D30-A9F9-700E829FEA51}"
EndProject
Project("{FAE04EC0-301F-11D3-BF4B-00C04F79EFBC}") = "SuperRunStop", "..\SuperRunStop\SuperRunStop.csproj", "{E8F9DA9E-0BBD-45B2-9DD1-2041566FEC16}"
EndProject
Global
	GlobalSection(SolutionConfigurationPlatforms) = preSolution
		Debug|Any CPU = Debug|Any CPU
		Release|Any CPU = Release|Any CPU
	EndGlobalSection
	GlobalSection(ProjectConfigurationPlatforms) = postSolution
		{316E9C85-8DA8-4EA8-B380-19C2ED2F954F}.Debug|Any CPU.ActiveCfg = Debug|Any CPU
		{316E9C85-8DA8-4EA8-B380-19C2ED2F954F}.Debug|Any CPU.Build.0 = Debug|Any CPU
		{316E9C85-8DA8-4EA8-B380-19C2ED2F954F}.Release|Any CPU.ActiveCfg = Release|Any CPU
		{316E9C85-8DA8-4EA8-B380-19C2ED2F954F}.Release|Any CPU.Build.0 = Release|Any CPU
		{6CAFC0C6-A428-4D30-A9F9-700E829FEA51}.Debug|Any CPU.ActiveCfg = Debug|Any CPU
		{6CAFC0C6-A428-4D30-A9F9-700E829FEA51}.Debug|Any CPU.Build.0 = Debug|Any CPU
		{6CAFC0C6-A428-4D30-A9F9-700E829FEA51}.Release|Any CPU.ActiveCfg = Release|Any CPU
		{6CAFC0C6-A428-4D30-A9F9-700E829FEA51}.Release|Any CPU.Build.0 = Release|Any CPU
		{E8F9DA9E-0BBD-45B2-9DD1-2041566FEC16}.Debug|Any CPU.ActiveCfg = Debug|Any CPU
		{E8F9DA9E-0BBD-45B2-9DD1-2041566FEC16}.Debug|Any CPU.Build.0 = Debug|Any CPU
		{E8F9DA9E-0BBD-45B2-9DD1-2041566FEC16}.Release|Any CPU.ActiveCfg = Release|Any CPU
		{E8F9DA9E-0BBD-45B2-9DD1-2041566FEC16}.Release|Any CPU.Build.0 = Release|Any CPU
	EndGlobalSection
	GlobalSection(SolutionProperties) = preSolution
		HideSolutionNode = FALSE
	EndGlobalSection
	GlobalSection(ExtensibilityGlobals) = postSolution
		SolutionGuid = {A4DF7171-4574-475B-9515-B6C7D871FBC2}
	EndGlobalSection
EndGlobal
