
Microsoft Visual Studio Solution File, Format Version 11.00
# Visual Studio 2010
Project("{FAE04EC0-301F-11D3-BF4B-00C04F79EFBC}") = "OA3.Automation.KMT", "OA3.Automation.KMT\OA3.Automation.KMT.csproj", "{E74E0CF3-7F8F-461B-BFDF-DB86D7D998CD}"
EndProject
Project("{FAE04EC0-301F-11D3-BF4B-00C04F79EFBC}") = "OA3.Automation.Lib", "OA3.Automation.Lib\OA3.Automation.Lib.csproj", "{DF9FA7FC-4734-4FB1-B156-35C9E1402515}"
EndProject
Project("{FAE04EC0-301F-11D3-BF4B-00C04F79EFBC}") = "WPFAutomation.Core", "WPFAutomation.Core\WPFAutomation.Core.csproj", "{F9347E97-046C-451A-9B1C-29D0EC8733DB}"
EndProject
Global
	GlobalSection(TeamFoundationVersionControl) = preSolution
		SccNumberOfProjects = 4
		SccEnterpriseProvider = {4CA58AB2-18FA-4F8D-95D4-32DDF27D184C}
		SccTeamFoundationServer = https://vstf-us-wa-05.partners.extranet.microsoft.com:8443/tfs/ext05
		SccLocalPath0 = .
		SccProjectUniqueName1 = OA3.Automation.KMT\\OA3.Automation.KMT.csproj
		SccProjectName1 = OA3.Automation.KMT
		SccLocalPath1 = OA3.Automation.KMT
		SccProjectUniqueName2 = OA3.Automation.Lib\\OA3.Automation.Lib.csproj
		SccProjectName2 = OA3.Automation.Lib
		SccLocalPath2 = OA3.Automation.Lib
		SccProjectUniqueName3 = WPFAutomation.Core\\WPFAutomation.Core.csproj
		SccProjectName3 = WPFAutomation.Core
		SccLocalPath3 = WPFAutomation.Core
	EndGlobalSection
	GlobalSection(SolutionConfigurationPlatforms) = preSolution
		Debug|Any CPU = Debug|Any CPU
		Release|Any CPU = Release|Any CPU
	EndGlobalSection
	GlobalSection(ProjectConfigurationPlatforms) = postSolution
		{E74E0CF3-7F8F-461B-BFDF-DB86D7D998CD}.Debug|Any CPU.ActiveCfg = Debug|Any CPU
		{E74E0CF3-7F8F-461B-BFDF-DB86D7D998CD}.Debug|Any CPU.Build.0 = Debug|Any CPU
		{E74E0CF3-7F8F-461B-BFDF-DB86D7D998CD}.Release|Any CPU.ActiveCfg = Release|Any CPU
		{E74E0CF3-7F8F-461B-BFDF-DB86D7D998CD}.Release|Any CPU.Build.0 = Release|Any CPU
		{DF9FA7FC-4734-4FB1-B156-35C9E1402515}.Debug|Any CPU.ActiveCfg = Debug|Any CPU
		{DF9FA7FC-4734-4FB1-B156-35C9E1402515}.Debug|Any CPU.Build.0 = Debug|Any CPU
		{DF9FA7FC-4734-4FB1-B156-35C9E1402515}.Release|Any CPU.ActiveCfg = Release|Any CPU
		{DF9FA7FC-4734-4FB1-B156-35C9E1402515}.Release|Any CPU.Build.0 = Release|Any CPU
		{F9347E97-046C-451A-9B1C-29D0EC8733DB}.Debug|Any CPU.ActiveCfg = Debug|Any CPU
		{F9347E97-046C-451A-9B1C-29D0EC8733DB}.Debug|Any CPU.Build.0 = Debug|Any CPU
		{F9347E97-046C-451A-9B1C-29D0EC8733DB}.Release|Any CPU.ActiveCfg = Release|Any CPU
		{F9347E97-046C-451A-9B1C-29D0EC8733DB}.Release|Any CPU.Build.0 = Release|Any CPU
	EndGlobalSection
	GlobalSection(SolutionProperties) = preSolution
		HideSolutionNode = FALSE
	EndGlobalSection
EndGlobal
